
Microsoft Visual Studio Solution File, Format Version 12.00
# Visual Studio Version 17
VisualStudioVersion = 17.4.33213.308
MinimumVisualStudioVersion = 10.0.40219.1
Project("{FAE04EC0-301F-11D3-BF4B-00C04F79EFBC}") = "jwt_web_api", "jwt_web_api\jwt_web_api.csproj", "{F22D7F96-36B9-419B-9CA2-1AC22BEDE6C3}"
EndProject
Global
	GlobalSection(SolutionConfigurationPlatforms) = preSolution
		Debug|Any CPU = Debug|Any CPU
		Release|Any CPU = Release|Any CPU
	EndGlobalSection
	GlobalSection(ProjectConfigurationPlatforms) = postSolution
		{F22D7F96-36B9-419B-9CA2-1AC22BEDE6C3}.Debug|Any CPU.ActiveCfg = Debug|Any CPU
		{F22D7F96-36B9-419B-9CA2-1AC22BEDE6C3}.Debug|Any CPU.Build.0 = Debug|Any CPU
		{F22D7F96-36B9-419B-9CA2-1AC22BEDE6C3}.Release|Any CPU.ActiveCfg = Release|Any CPU
		{F22D7F96-36B9-419B-9CA2-1AC22BEDE6C3}.Release|Any CPU.Build.0 = Release|Any CPU
	EndGlobalSection
	GlobalSection(SolutionProperties) = preSolution
		HideSolutionNode = FALSE
	EndGlobalSection
	GlobalSection(ExtensibilityGlobals) = postSolution
		SolutionGuid = {EFE1BF7F-4B8A-49C1-8A00-1994D8523130}
	EndGlobalSection
EndGlobal
